
Microsoft Visual Studio Solution File, Format Version 12.00
# Visual Studio Version 17
VisualStudioVersion = 17.5.33530.505
MinimumVisualStudioVersion = 10.0.40219.1
Project("{FAE04EC0-301F-11D3-BF4B-00C04F79EFBC}") = "WebBook", "WebBook\WebBook.csproj", "{FC50AAE0-7B1C-4280-95F5-1ECAF31F604A}"
EndProject
Global
	GlobalSection(SolutionConfigurationPlatforms) = preSolution
		Debug|Any CPU = Debug|Any CPU
		Release|Any CPU = Release|Any CPU
	EndGlobalSection
	GlobalSection(ProjectConfigurationPlatforms) = postSolution
		{FC50AAE0-7B1C-4280-95F5-1ECAF31F604A}.Debug|Any CPU.ActiveCfg = Debug|Any CPU
		{FC50AAE0-7B1C-4280-95F5-1ECAF31F604A}.Debug|Any CPU.Build.0 = Debug|Any CPU
		{FC50AAE0-7B1C-4280-95F5-1ECAF31F604A}.Release|Any CPU.ActiveCfg = Release|Any CPU
		{FC50AAE0-7B1C-4280-95F5-1ECAF31F604A}.Release|Any CPU.Build.0 = Release|Any CPU
	EndGlobalSection
	GlobalSection(SolutionProperties) = preSolution
		HideSolutionNode = FALSE
	EndGlobalSection
	GlobalSection(ExtensibilityGlobals) = postSolution
		SolutionGuid = {18181BDC-227A-4F76-9499-306F2C217538}
	EndGlobalSection
EndGlobal
